
Microsoft Visual Studio Solution File, Format Version 12.00
# Visual Studio Version 17
VisualStudioVersion = 17.3.32804.467
MinimumVisualStudioVersion = 10.0.40219.1
Project("{FAE04EC0-301F-11D3-BF4B-00C04F79EFBC}") = "ToDoApp.Web", "ToDoApp.Web\ToDoApp.Web.csproj", "{07941A70-7068-41A0-8E38-609E52BC46B4}"
EndProject
Project("{FAE04EC0-301F-11D3-BF4B-00C04F79EFBC}") = "ToDoApp.Web.Tests", "ToDoApp.Web.Tests\ToDoApp.Web.Tests.csproj", "{9893460D-837B-4437-85B5-5DAB59602F34}"
EndProject
Project("{FAE04EC0-301F-11D3-BF4B-00C04F79EFBC}") = "ToDoApp.Business", "ToDoApp.Business\ToDoApp.Business.csproj", "{4CFBFEB9-5D28-4B0C-B6C6-A616BD24BA66}"
EndProject
Project("{FAE04EC0-301F-11D3-BF4B-00C04F79EFBC}") = "ToDoApp.Database", "ToDoApp.Database\ToDoApp.Database.csproj", "{75F4EBF2-9EAB-4899-9772-0A8BD5FF605B}"
EndProject
Global
	GlobalSection(SolutionConfigurationPlatforms) = preSolution
		Debug|Any CPU = Debug|Any CPU
		Release|Any CPU = Release|Any CPU
	EndGlobalSection
	GlobalSection(ProjectConfigurationPlatforms) = postSolution
		{07941A70-7068-41A0-8E38-609E52BC46B4}.Debug|Any CPU.ActiveCfg = Debug|Any CPU
		{07941A70-7068-41A0-8E38-609E52BC46B4}.Debug|Any CPU.Build.0 = Debug|Any CPU
		{07941A70-7068-41A0-8E38-609E52BC46B4}.Release|Any CPU.ActiveCfg = Release|Any CPU
		{07941A70-7068-41A0-8E38-609E52BC46B4}.Release|Any CPU.Build.0 = Release|Any CPU
		{9893460D-837B-4437-85B5-5DAB59602F34}.Debug|Any CPU.ActiveCfg = Debug|Any CPU
		{9893460D-837B-4437-85B5-5DAB59602F34}.Debug|Any CPU.Build.0 = Debug|Any CPU
		{9893460D-837B-4437-85B5-5DAB59602F34}.Release|Any CPU.ActiveCfg = Release|Any CPU
		{9893460D-837B-4437-85B5-5DAB59602F34}.Release|Any CPU.Build.0 = Release|Any CPU
		{4CFBFEB9-5D28-4B0C-B6C6-A616BD24BA66}.Debug|Any CPU.ActiveCfg = Debug|Any CPU
		{4CFBFEB9-5D28-4B0C-B6C6-A616BD24BA66}.Debug|Any CPU.Build.0 = Debug|Any CPU
		{4CFBFEB9-5D28-4B0C-B6C6-A616BD24BA66}.Release|Any CPU.ActiveCfg = Release|Any CPU
		{4CFBFEB9-5D28-4B0C-B6C6-A616BD24BA66}.Release|Any CPU.Build.0 = Release|Any CPU
		{75F4EBF2-9EAB-4899-9772-0A8BD5FF605B}.Debug|Any CPU.ActiveCfg = Debug|Any CPU
		{75F4EBF2-9EAB-4899-9772-0A8BD5FF605B}.Debug|Any CPU.Build.0 = Debug|Any CPU
		{75F4EBF2-9EAB-4899-9772-0A8BD5FF605B}.Release|Any CPU.ActiveCfg = Release|Any CPU
		{75F4EBF2-9EAB-4899-9772-0A8BD5FF605B}.Release|Any CPU.Build.0 = Release|Any CPU
	EndGlobalSection
	GlobalSection(SolutionProperties) = preSolution
		HideSolutionNode = FALSE
	EndGlobalSection
	GlobalSection(ExtensibilityGlobals) = postSolution
		SolutionGuid = {42ED03A0-24B0-437D-AD2E-8F1CC1F06BCF}
	EndGlobalSection
EndGlobal
